
Microsoft Visual Studio Solution File, Format Version 12.00
# Visual Studio Version 17
VisualStudioVersion = 17.2.32616.157
MinimumVisualStudioVersion = 10.0.40219.1
Project("{FAE04EC0-301F-11D3-BF4B-00C04F79EFBC}") = "FlowerRename", "FlowerRename.csproj", "{E7F95151-C648-423E-89E3-6B4F50BD00AB}"
EndProject
Global
	GlobalSection(SolutionConfigurationPlatforms) = preSolution
		Debug|Any CPU = Debug|Any CPU
		Release|Any CPU = Release|Any CPU
	EndGlobalSection
	GlobalSection(ProjectConfigurationPlatforms) = postSolution
		{E7F95151-C648-423E-89E3-6B4F50BD00AB}.Debug|Any CPU.ActiveCfg = Debug|Any CPU
		{E7F95151-C648-423E-89E3-6B4F50BD00AB}.Debug|Any CPU.Build.0 = Debug|Any CPU
		{E7F95151-C648-423E-89E3-6B4F50BD00AB}.Release|Any CPU.ActiveCfg = Release|Any CPU
		{E7F95151-C648-423E-89E3-6B4F50BD00AB}.Release|Any CPU.Build.0 = Release|Any CPU
	EndGlobalSection
	GlobalSection(SolutionProperties) = preSolution
		HideSolutionNode = FALSE
	EndGlobalSection
	GlobalSection(ExtensibilityGlobals) = postSolution
		SolutionGuid = {8BD5CD2D-EA84-4E6A-830B-8DFBB3D5B9CA}
	EndGlobalSection
EndGlobal
